PODS:
  - CoreDataManager (0.8.2):
    - SwiftyJSON (~> 5.0.0)
  - SwiftyJSON (5.0.0)

DEPENDENCIES:
  - CoreDataManager (from `../`)

SPEC REPOS:
  https://github.com/CocoaPods/Specs.git:
    - SwiftyJSON

EXTERNAL SOURCES:
  CoreDataManager:
    :path: "../"

SPEC CHECKSUMS:
  CoreDataManager: 59ef4a49284903a22af3dd04825b004d91de157e
  SwiftyJSON: 36413e04c44ee145039d332b4f4e2d3e8d6c4db7

PODFILE CHECKSUM: a82935d36bdc45389bbb85c6f3dbd947c6a24ed2

COCOAPODS: 1.8.4
