PODS:
  - CoreDataManager (0.3.0):
    - SwiftyJSON (~> 2.2.1)
  - SwiftyJSON (2.2.1)

DEPENDENCIES:
  - CoreDataManager (from `../`)

EXTERNAL SOURCES:
  CoreDataManager:
    :path: ../

SPEC CHECKSUMS:
  CoreDataManager: e0b3466d506c2f9bafaa53609feff5bf3119f59d
  SwiftyJSON: ae2d0a3d68025d136602a33c4ee215091ced3e33

COCOAPODS: 0.38.2
