PODS:
  - CoreDataManager (0.7.0):
    - SwiftyJSON (~> 3.1.0)
  - SwiftyJSON (3.1.0)

DEPENDENCIES:
  - CoreDataManager (from `../`)

EXTERNAL SOURCES:
  CoreDataManager:
    :path: "../"

SPEC CHECKSUMS:
  CoreDataManager: 1496fe87675a3a73fa08223cdbf15acea0167f31
  SwiftyJSON: 29b9f2a64f118c07e691667c2ba1efe536acfe0b

PODFILE CHECKSUM: 8633b12dcf0828f02d0172687257b4fe5a838020

COCOAPODS: 1.1.0.rc.2
