// !$*UTF8*$!
{
	archiveVersion = 1;
	classes = {
	};
	objectVersion = 46;
	objects = {

/* Begin PBXBuildFile section */
		A4758E551B9B207400D6CBCF /* AppDelegate.swift in Sources */ = {isa = PBXBuildFile; fileRef = A4758E541B9B207400D6CBCF /* AppDelegate.swift */; };
		A4758E581B9B207400D6CBCF /* TestMasterDetail.xcdatamodeld in Sources */ = {isa = PBXBuildFile; fileRef = A4758E561B9B207400D6CBCF /* TestMasterDetail.xcdatamodeld */; };
		A4758E5A1B9B207400D6CBCF /* MasterViewController.swift in Sources */ = {isa = PBXBuildFile; fileRef = A4758E591B9B207400D6CBCF /* MasterViewController.swift */; };
		A4758E5C1B9B207400D6CBCF /* DetailViewController.swift in Sources */ = {isa = PBXBuildFile; fileRef = A4758E5B1B9B207400D6CBCF /* DetailViewController.swift */; };
		A4758E5F1B9B207400D6CBCF /* Main.storyboard in Resources */ = {isa = PBXBuildFile; fileRef = A4758E5D1B9B207400D6CBCF /* Main.storyboard */; };
		A4758E611B9B207400D6CBCF /* Images.xcassets in Resources */ = {isa = PBXBuildFile; fileRef = A4758E601B9B207400D6CBCF /* Images.xcassets */; };
		A4758E641B9B207400D6CBCF /* LaunchScreen.xib in Resources */ = {isa = PBXBuildFile; fileRef = A4758E621B9B207400D6CBCF /* LaunchScreen.xib */; };
		A4758E701B9B207400D6CBCF /* TestMasterDetailTests.swift in Sources */ = {isa = PBXBuildFile; fileRef = A4758E6F1B9B207400D6CBCF /* TestMasterDetailTests.swift */; };
/* End PBXBuildFile section */

/* Begin PBXContainerItemProxy section */
		A4758E6A1B9B207400D6CBCF /* PBXContainerItemProxy */ = {
			isa = PBXContainerItemProxy;
			containerPortal = A4758E471B9B207400D6CBCF /* Project object */;
			proxyType = 1;
			remoteGlobalIDString = A4758E4E1B9B207400D6CBCF;
			remoteInfo = TestMasterDetail;
		};
/* End PBXContainerItemProxy section */

/* Begin PBXFileReference section */
		A4758E4F1B9B207400D6CBCF /* TestMasterDetail.app */ = {isa = PBXFileReference; explicitFileType = wrapper.application; includeInIndex = 0; path = TestMasterDetail.app; sourceTree = BUILT_PRODUCTS_DIR; };
		A4758E531B9B207400D6CBCF /* Info.plist */ = {isa = PBXFileReference; lastKnownFileType = text.plist.xml; path = Info.plist; sourceTree = "<group>"; };
		A4758E541B9B207400D6CBCF /* AppDelegate.swift */ = {isa = PBXFileReference; lastKnownFileType = sourcecode.swift; path = AppDelegate.swift; sourceTree = "<group>"; };
		A4758E571B9B207400D6CBCF /* TestMasterDetail.xcdatamodel */ = {isa = PBXFileReference; lastKnownFileType = wrapper.xcdatamodel; path = TestMasterDetail.xcdatamodel; sourceTree = "<group>"; };
		A4758E591B9B207400D6CBCF /* MasterViewController.swift */ = {isa = PBXFileReference; lastKnownFileType = sourcecode.swift; path = MasterViewController.swift; sourceTree = "<group>"; };
		A4758E5B1B9B207400D6CBCF /* DetailViewController.swift */ = {isa = PBXFileReference; lastKnownFileType = sourcecode.swift; path = DetailViewController.swift; sourceTree = "<group>"; };
		A4758E5E1B9B207400D6CBCF /* Base */ = {isa = PBXFileReference; lastKnownFileType = file.storyboard; name = Base; path = Base.lproj/Main.storyboard; sourceTree = "<group>"; };
		A4758E601B9B207400D6CBCF /* Images.xcassets */ = {isa = PBXFileReference; lastKnownFileType = folder.assetcatalog; path = Images.xcassets; sourceTree = "<group>"; };
		A4758E631B9B207400D6CBCF /* Base */ = {isa = PBXFileReference; lastKnownFileType = file.xib; name = Base; path = Base.lproj/LaunchScreen.xib; sourceTree = "<group>"; };
		A4758E691B9B207400D6CBCF /* TestMasterDetailTests.xctest */ = {isa = PBXFileReference; explicitFileType = wrapper.cfbundle; includeInIndex = 0; path = TestMasterDetailTests.xctest; sourceTree = BUILT_PRODUCTS_DIR; };
		A4758E6E1B9B207400D6CBCF /* Info.plist */ = {isa = PBXFileReference; lastKnownFileType = text.plist.xml; path = Info.plist; sourceTree = "<group>"; };
		A4758E6F1B9B207400D6CBCF /* TestMasterDetailTests.swift */ = {isa = PBXFileReference; lastKnownFileType = sourcecode.swift; path = TestMasterDetailTests.swift; sourceTree = "<group>"; };
/* End PBXFileReference section */

/* Begin PBXFrameworksBuildPhase section */
		A4758E4C1B9B207400D6CBCF /* Frameworks */ = {
			isa = PBXFrameworksBuildPhase;
			buildActionMask = 2147483647;
			files = (
			);
			runOnlyForDeploymentPostprocessing = 0;
		};
		A4758E661B9B207400D6CBCF /* Frameworks */ = {
			isa = PBXFrameworksBuildPhase;
			buildActionMask = 2147483647;
			files = (
			);
			runOnlyForDeploymentPostprocessing = 0;
		};
/* End PBXFrameworksBuildPhase section */

/* Begin PBXGroup section */
		A4758E461B9B207400D6CBCF = {
			isa = PBXGroup;
			children = (
				A4758E511B9B207400D6CBCF /* TestMasterDetail */,
				A4758E6C1B9B207400D6CBCF /* TestMasterDetailTests */,
				A4758E501B9B207400D6CBCF /* Products */,
			);
			sourceTree = "<group>";
		};
		A4758E501B9B207400D6CBCF /* Products */ = {
			isa = PBXGroup;
			children = (
				A4758E4F1B9B207400D6CBCF /* TestMasterDetail.app */,
				A4758E691B9B207400D6CBCF /* TestMasterDetailTests.xctest */,
			);
			name = Products;
			sourceTree = "<group>";
		};
		A4758E511B9B207400D6CBCF /* TestMasterDetail */ = {
			isa = PBXGroup;
			children = (
				A4758E541B9B207400D6CBCF /* AppDelegate.swift */,
				A4758E591B9B207400D6CBCF /* MasterViewController.swift */,
				A4758E5B1B9B207400D6CBCF /* DetailViewController.swift */,
				A4758E5D1B9B207400D6CBCF /* Main.storyboard */,
				A4758E601B9B207400D6CBCF /* Images.xcassets */,
				A4758E621B9B207400D6CBCF /* LaunchScreen.xib */,
				A4758E561B9B207400D6CBCF /* TestMasterDetail.xcdatamodeld */,
				A4758E521B9B207400D6CBCF /* Supporting Files */,
			);
			path = TestMasterDetail;
			sourceTree = "<group>";
		};
		A4758E521B9B207400D6CBCF /* Supporting Files */ = {
			isa = PBXGroup;
			children = (
				A4758E531B9B207400D6CBCF /* Info.plist */,
			);
			name = "Supporting Files";
			sourceTree = "<group>";
		};
		A4758E6C1B9B207400D6CBCF /* TestMasterDetailTests */ = {
			isa = PBXGroup;
			children = (
				A4758E6F1B9B207400D6CBCF /* TestMasterDetailTests.swift */,
				A4758E6D1B9B207400D6CBCF /* Supporting Files */,
			);
			path = TestMasterDetailTests;
			sourceTree = "<group>";
		};
		A4758E6D1B9B207400D6CBCF /* Supporting Files */ = {
			isa = PBXGroup;
			children = (
				A4758E6E1B9B207400D6CBCF /* Info.plist */,
			);
			name = "Supporting Files";
			sourceTree = "<group>";
		};
/* End PBXGroup section */

/* Begin PBXNativeTarget section */
		A4758E4E1B9B207400D6CBCF /* TestMasterDetail */ = {
			isa = PBXNativeTarget;
			buildConfigurationList = A4758E731B9B207400D6CBCF /* Build configuration list for PBXNativeTarget "TestMasterDetail" */;
			buildPhases = (
				A4758E4B1B9B207400D6CBCF /* Sources */,
				A4758E4C1B9B207400D6CBCF /* Frameworks */,
				A4758E4D1B9B207400D6CBCF /* Resources */,
			);
			buildRules = (
			);
			dependencies = (
			);
			name = TestMasterDetail;
			productName = TestMasterDetail;
			productReference = A4758E4F1B9B207400D6CBCF /* TestMasterDetail.app */;
			productType = "com.apple.product-type.application";
		};
		A4758E681B9B207400D6CBCF /* TestMasterDetailTests */ = {
			isa = PBXNativeTarget;
			buildConfigurationList = A4758E761B9B207400D6CBCF /* Build configuration list for PBXNativeTarget "TestMasterDetailTests" */;
			buildPhases = (
				A4758E651B9B207400D6CBCF /* Sources */,
				A4758E661B9B207400D6CBCF /* Frameworks */,
				A4758E671B9B207400D6CBCF /* Resources */,
			);
			buildRules = (
			);
			dependencies = (
				A4758E6B1B9B207400D6CBCF /* PBXTargetDependency */,
			);
			name = TestMasterDetailTests;
			productName = TestMasterDetailTests;
			productReference = A4758E691B9B207400D6CBCF /* TestMasterDetailTests.xctest */;
			productType = "com.apple.product-type.bundle.unit-test";
		};
/* End PBXNativeTarget section */

/* Begin PBXProject section */
		A4758E471B9B207400D6CBCF /* Project object */ = {
			isa = PBXProject;
			attributes = {
				LastUpgradeCheck = 0640;
				ORGANIZATIONNAME = taaviteska;
				TargetAttributes = {
					A4758E4E1B9B207400D6CBCF = {
						CreatedOnToolsVersion = 6.4;
					};
					A4758E681B9B207400D6CBCF = {
						CreatedOnToolsVersion = 6.4;
						TestTargetID = A4758E4E1B9B207400D6CBCF;
					};
				};
			};
			buildConfigurationList = A4758E4A1B9B207400D6CBCF /* Build configuration list for PBXProject "TestMasterDetail" */;
			compatibilityVersion = "Xcode 3.2";
			developmentRegion = English;
			hasScannedForEncodings = 0;
			knownRegions = (
				en,
				Base,
			);
			mainGroup = A4758E461B9B207400D6CBCF;
			productRefGroup = A4758E501B9B207400D6CBCF /* Products */;
			projectDirPath = "";
			projectRoot = "";
			targets = (
				A4758E4E1B9B207400D6CBCF /* TestMasterDetail */,
				A4758E681B9B207400D6CBCF /* TestMasterDetailTests */,
			);
		};
/* End PBXProject section */

/* Begin PBXResourcesBuildPhase section */
		A4758E4D1B9B207400D6CBCF /* Resources */ = {
			isa = PBXResourcesBuildPhase;
			buildActionMask = 2147483647;
			files = (
				A4758E5F1B9B207400D6CBCF /* Main.storyboard in Resources */,
				A4758E641B9B207400D6CBCF /* LaunchScreen.xib in Resources */,
				A4758E611B9B207400D6CBCF /* Images.xcassets in Resources */,
			);
			runOnlyForDeploymentPostprocessing = 0;
		};
		A4758E671B9B207400D6CBCF /* Resources */ = {
			isa = PBXResourcesBuildPhase;
			buildActionMask = 2147483647;
			files = (
			);
			runOnlyForDeploymentPostprocessing = 0;
		};
/* End PBXResourcesBuildPhase section */

/* Begin PBXSourcesBuildPhase section */
		A4758E4B1B9B207400D6CBCF /* Sources */ = {
			isa = PBXSourcesBuildPhase;
			buildActionMask = 2147483647;
			files = (
				A4758E581B9B207400D6CBCF /* TestMasterDetail.xcdatamodeld in Sources */,
				A4758E551B9B207400D6CBCF /* AppDelegate.swift in Sources */,
				A4758E5A1B9B207400D6CBCF /* MasterViewController.swift in Sources */,
				A4758E5C1B9B207400D6CBCF /* DetailViewController.swift in Sources */,
			);
			runOnlyForDeploymentPostprocessing = 0;
		};
		A4758E651B9B207400D6CBCF /* Sources */ = {
			isa = PBXSourcesBuildPhase;
			buildActionMask = 2147483647;
			files = (
				A4758E701B9B207400D6CBCF /* TestMasterDetailTests.swift in Sources */,
			);
			runOnlyForDeploymentPostprocessing = 0;
		};
/* End PBXSourcesBuildPhase section */

/* Begin PBXTargetDependency section */
		A4758E6B1B9B207400D6CBCF /* PBXTargetDependency */ = {
			isa = PBXTargetDependency;
			target = A4758E4E1B9B207400D6CBCF /* TestMasterDetail */;
			targetProxy = A4758E6A1B9B207400D6CBCF /* PBXContainerItemProxy */;
		};
/* End PBXTargetDependency section */

/* Begin PBXVariantGroup section */
		A4758E5D1B9B207400D6CBCF /* Main.storyboard */ = {
			isa = PBXVariantGroup;
			children = (
				A4758E5E1B9B207400D6CBCF /* Base */,
			);
			name = Main.storyboard;
			sourceTree = "<group>";
		};
		A4758E621B9B207400D6CBCF /* LaunchScreen.xib */ = {
			isa = PBXVariantGroup;
			children = (
				A4758E631B9B207400D6CBCF /* Base */,
			);
			name = LaunchScreen.xib;
			sourceTree = "<group>";
		};
/* End PBXVariantGroup section */

/* Begin XCBuildConfiguration section */
		A4758E711B9B207400D6CBCF /* Debug */ = {
			isa = XCBuildConfiguration;
			buildSettings = {
				ALWAYS_SEARCH_USER_PATHS = NO;
				CLANG_CXX_LANGUAGE_STANDARD = "gnu++0x";
				CLANG_CXX_LIBRARY = "libc++";
				CLANG_ENABLE_MODULES = YES;
				CLANG_ENABLE_OBJC_ARC = YES;
				CLANG_WARN_BOOL_CONVERSION = YES;
				CLANG_WARN_CONSTANT_CONVERSION = YES;
				CLANG_WARN_DIRECT_OBJC_ISA_USAGE = YES_ERROR;
				CLANG_WARN_EMPTY_BODY = YES;
				CLANG_WARN_ENUM_CONVERSION = YES;
				CLANG_WARN_INT_CONVERSION = YES;
				CLANG_WARN_OBJC_ROOT_CLASS = YES_ERROR;
				CLANG_WARN_UNREACHABLE_CODE = YES;
				CLANG_WARN__DUPLICATE_METHOD_MATCH = YES;
				"CODE_SIGN_IDENTITY[sdk=iphoneos*]" = "iPhone Developer";
				COPY_PHASE_STRIP = NO;
				DEBUG_INFORMATION_FORMAT = "dwarf-with-dsym";
				ENABLE_STRICT_OBJC_MSGSEND = YES;
				GCC_C_LANGUAGE_STANDARD = gnu99;
				GCC_DYNAMIC_NO_PIC = NO;
				GCC_NO_COMMON_BLOCKS = YES;
				GCC_OPTIMIZATION_LEVEL = 0;
				GCC_PREPROCESSOR_DEFINITIONS = (
					"DEBUG=1",
					"$(inherited)",
				);
				GCC_SYMBOLS_PRIVATE_EXTERN = NO;
				GCC_WARN_64_TO_32_BIT_CONVERSION = YES;
				GCC_WARN_ABOUT_RETURN_TYPE = YES_ERROR;
				GCC_WARN_UNDECLARED_SELECTOR = YES;
				GCC_WARN_UNINITIALIZED_AUTOS = YES_AGGRESSIVE;
				GCC_WARN_UNUSED_FUNCTION = YES;
				GCC_WARN_UNUSED_VARIABLE = YES;
				IPHONEOS_DEPLOYMENT_TARGET = 8.4;
				MTL_ENABLE_DEBUG_INFO = YES;
				ONLY_ACTIVE_ARCH = YES;
				SDKROOT = iphoneos;
				SWIFT_OPTIMIZATION_LEVEL = "-Onone";
			};
			name = Debug;
		};
		A4758E721B9B207400D6CBCF /* Release */ = {
			isa = XCBuildConfiguration;
			buildSettings = {
				ALWAYS_SEARCH_USER_PATHS = NO;
				CLANG_CXX_LANGUAGE_STANDARD = "gnu++0x";
				CLANG_CXX_LIBRARY = "libc++";
				CLANG_ENABLE_MODULES = YES;
				CLANG_ENABLE_OBJC_ARC = YES;
				CLANG_WARN_BOOL_CONVERSION = YES;
				CLANG_WARN_CONSTANT_CONVERSION = YES;
				CLANG_WARN_DIRECT_OBJC_ISA_USAGE = YES_ERROR;
				CLANG_WARN_EMPTY_BODY = YES;
				CLANG_WARN_ENUM_CONVERSION = YES;
				CLANG_WARN_INT_CONVERSION = YES;
				CLANG_WARN_OBJC_ROOT_CLASS = YES_ERROR;
				CLANG_WARN_UNREACHABLE_CODE = YES;
				CLANG_WARN__DUPLICATE_METHOD_MATCH = YES;
				"CODE_SIGN_IDENTITY[sdk=iphoneos*]" = "iPhone Developer";
				COPY_PHASE_STRIP = NO;
				DEBUG_INFORMATION_FORMAT = "dwarf-with-dsym";
				ENABLE_NS_ASSERTIONS = NO;
				ENABLE_STRICT_OBJC_MSGSEND = YES;
				GCC_C_LANGUAGE_STANDARD = gnu99;
				GCC_NO_COMMON_BLOCKS = YES;
				GCC_WARN_64_TO_32_BIT_CONVERSION = YES;
				GCC_WARN_ABOUT_RETURN_TYPE = YES_ERROR;
				GCC_WARN_UNDECLARED_SELECTOR = YES;
				GCC_WARN_UNINITIALIZED_AUTOS = YES_AGGRESSIVE;
				GCC_WARN_UNUSED_FUNCTION = YES;
				GCC_WARN_UNUSED_VARIABLE = YES;
				IPHONEOS_DEPLOYMENT_TARGET = 8.4;
				MTL_ENABLE_DEBUG_INFO = NO;
				SDKROOT = iphoneos;
				VALIDATE_PRODUCT = YES;
			};
			name = Release;
		};
		A4758E741B9B207400D6CBCF /* Debug */ = {
			isa = XCBuildConfiguration;
			buildSettings = {
				ASSETCATALOG_COMPILER_APPICON_NAME = AppIcon;
				INFOPLIST_FILE = TestMasterDetail/Info.plist;
				LD_RUNPATH_SEARCH_PATHS = "$(inherited) @executable_path/Frameworks";
				PRODUCT_NAME = "$(TARGET_NAME)";
			};
			name = Debug;
		};
		A4758E751B9B207400D6CBCF /* Release */ = {
			isa = XCBuildConfiguration;
			buildSettings = {
				ASSETCATALOG_COMPILER_APPICON_NAME = AppIcon;
				INFOPLIST_FILE = TestMasterDetail/Info.plist;
				LD_RUNPATH_SEARCH_PATHS = "$(inherited) @executable_path/Frameworks";
				PRODUCT_NAME = "$(TARGET_NAME)";
			};
			name = Release;
		};
		A4758E771B9B207400D6CBCF /* Debug */ = {
			isa = XCBuildConfiguration;
			buildSettings = {
				BUNDLE_LOADER = "$(TEST_HOST)";
				FRAMEWORK_SEARCH_PATHS = (
					"$(SDKROOT)/Developer/Library/Frameworks",
					"$(inherited)",
				);
				GCC_PREPROCESSOR_DEFINITIONS = (
					"DEBUG=1",
					"$(inherited)",
				);
				INFOPLIST_FILE = TestMasterDetailTests/Info.plist;
				LD_RUNPATH_SEARCH_PATHS = "$(inherited) @executable_path/Frameworks @loader_path/Frameworks";
				PRODUCT_NAME = "$(TARGET_NAME)";
				TEST_HOST = "$(BUILT_PRODUCTS_DIR)/TestMasterDetail.app/TestMasterDetail";
			};
			name = Debug;
		};
		A4758E781B9B207400D6CBCF /* Release */ = {
			isa = XCBuildConfiguration;
			buildSettings = {
				BUNDLE_LOADER = "$(TEST_HOST)";
				FRAMEWORK_SEARCH_PATHS = (
					"$(SDKROOT)/Developer/Library/Frameworks",
					"$(inherited)",
				);
				INFOPLIST_FILE = TestMasterDetailTests/Info.plist;
				LD_RUNPATH_SEARCH_PATHS = "$(inherited) @executable_path/Frameworks @loader_path/Frameworks";
				PRODUCT_NAME = "$(TARGET_NAME)";
				TEST_HOST = "$(BUILT_PRODUCTS_DIR)/TestMasterDetail.app/TestMasterDetail";
			};
			name = Release;
		};
/* End XCBuildConfiguration section */

/* Begin XCConfigurationList section */
		A4758E4A1B9B207400D6CBCF /* Build configuration list for PBXProject "TestMasterDetail" */ = {
			isa = XCConfigurationList;
			buildConfigurations = (
				A4758E711B9B207400D6CBCF /* Debug */,
				A4758E721B9B207400D6CBCF /* Release */,
			);
			defaultConfigurationIsVisible = 0;
			defaultConfigurationName = Release;
		};
		A4758E731B9B207400D6CBCF /* Build configuration list for PBXNativeTarget "TestMasterDetail" */ = {
			isa = XCConfigurationList;
			buildConfigurations = (
				A4758E741B9B207400D6CBCF /* Debug */,
				A4758E751B9B207400D6CBCF /* Release */,
			);
			defaultConfigurationIsVisible = 0;
		};
		A4758E761B9B207400D6CBCF /* Build configuration list for PBXNativeTarget "TestMasterDetailTests" */ = {
			isa = XCConfigurationList;
			buildConfigurations = (
				A4758E771B9B207400D6CBCF /* Debug */,
				A4758E781B9B207400D6CBCF /* Release */,
			);
			defaultConfigurationIsVisible = 0;
		};
/* End XCConfigurationList section */

/* Begin XCVersionGroup section */
		A4758E561B9B207400D6CBCF /* TestMasterDetail.xcdatamodeld */ = {
			isa = XCVersionGroup;
			children = (
				A4758E571B9B207400D6CBCF /* TestMasterDetail.xcdatamodel */,
			);
			currentVersion = A4758E571B9B207400D6CBCF /* TestMasterDetail.xcdatamodel */;
			path = TestMasterDetail.xcdatamodeld;
			sourceTree = "<group>";
			versionGroupType = wrapper.xcdatamodel;
		};
/* End XCVersionGroup section */
	};
	rootObject = A4758E471B9B207400D6CBCF /* Project object */;
}
